# THIS IS AN AUTOGENERATED FILE. DO NOT EDIT THIS FILE DIRECTLY.
# yarn lockfile v1


"@babel/runtime-corejs3@^7.14.9":
  version "7.15.4"
  resolved "https://registry.yarnpkg.com/@babel/runtime-corejs3/-/runtime-corejs3-7.15.4.tgz#403139af262b9a6e8f9ba04a6fdcebf8de692bf1"
  integrity sha512-lWcAqKeB624/twtTc3w6w/2o9RqJPaNBhPGK6DKLSiwuVWC7WFkypWyNg+CpZoyJH0jVzv1uMtXZ/5/lQOLtCg==
  dependencies:
    core-js-pure "^3.16.0"
    regenerator-runtime "^0.13.4"

"@chevrotain/types@^9.0.2":
  version "9.0.2"
  resolved "https://registry.yarnpkg.com/@chevrotain/types/-/types-9.0.2.tgz#477bb3b973b91ff47377399d1e9f4410be6c0141"
  integrity sha512-lo1dQPX7DQffJb26eaYLEy4/jUTFmsGKa43mDvMNAHwItEgUQHUkTZR0iAkHG0aJv8ejM/KqYpRVSNetrOK8qw==

"@chevrotain/utils@^9.0.2":
  version "9.0.2"
  resolved "https://registry.yarnpkg.com/@chevrotain/utils/-/utils-9.0.2.tgz#6f28fd41d2168c21e441e1a4ad6a0097e4d351f5"
  integrity sha512-iTju1VpbGruWagXS/XswuqeimOCRNeDvrXLlWHYsHp1qTU8sJfAfLiX5vs7DNxB1px6N8VWVI0SD8vMUksNBYw==

chevrotain@^9.0.2:
  version "9.0.2"
  resolved "https://registry.yarnpkg.com/chevrotain/-/chevrotain-9.0.2.tgz#7cc462262fec8ee293d96b756085ac71b8804bf1"
  integrity sha512-6ZjgUdGvU4j1n1b2hTjb79Vr2V+qNtmP7f8FVt79+kdAYcUj2QfYNwI8ycCVsgHD/dIeO5Vr1hckkkfliVQTfg==
  dependencies:
    "@chevrotain/types" "^9.0.2"
    "@chevrotain/utils" "^9.0.2"
    regexp-to-ast "0.5.0"

core-js-pure@^3.16.0:
  version "3.18.1"
  resolved "https://registry.yarnpkg.com/core-js-pure/-/core-js-pure-3.18.1.tgz#097d34d24484be45cea700a448d1e74622646c80"
  integrity sha512-kmW/k8MaSuqpvA1xm2l3TVlBuvW+XBkcaOroFUpO3D4lsTGQWBTb/tBDCf/PNkkPLrwgrkQRIYNPB0CeqGJWGQ==

graphql@^15.5.3:
  version "15.6.0"
  resolved "https://registry.yarnpkg.com/graphql/-/graphql-15.6.0.tgz#e69323c6a9780a1a4b9ddf7e35ca8904bb04df02"
  integrity sha512-WJR872Zlc9hckiEPhXgyUftXH48jp2EjO5tgBBOyNMRJZ9fviL2mJBD6CAysk6N5S0r9BTs09Qk39nnJBkvOXQ==

regenerator-runtime@^0.13.4:
  version "0.13.9"
  resolved "https://registry.yarnpkg.com/regenerator-runtime/-/regenerator-runtime-0.13.9.tgz#8925742a98ffd90814988d7566ad30ca3b263b52"
  integrity sha512-p3VT+cOEgxFsRRA9X4lkI1E+k2/CtnKtU4gcxyaCUreilL/vqI6CdZ3wxVUx3UOUg+gnUOQQcRI7BmSI656MYA==

regexp-to-ast@0.5.0:
  version "0.5.0"
  resolved "https://registry.yarnpkg.com/regexp-to-ast/-/regexp-to-ast-0.5.0.tgz#56c73856bee5e1fef7f73a00f1473452ab712a24"
  integrity sha512-tlbJqcMHnPKI9zSrystikWKwHkBqu2a/Sgw01h3zFjvYrMxEDYHzzoMZnUrbIfpTFEsoRnnviOXNCzFiSc54Qw==

xregexp@^5.1.0:
  version "5.1.0"
  resolved "https://registry.yarnpkg.com/xregexp/-/xregexp-5.1.0.tgz#c87e7ae5ffa5fdc520f898a467dcba02b0d391e9"
  integrity sha512-PynwUWtXnSZr8tpQlDPMZfPTyv78EYuA4oI959ukxcQ0a9O/lvndLVKy5wpImzzA26eMxpZmnAXJYiQA13AtWA==
  dependencies:
    "@babel/runtime-corejs3" "^7.14.9"
